<?xml version="1.0" encoding="utf-8"?>
<Project ToolsVersion="4.0" xmlns="http://schemas.microsoft.com/developer/msbuild/2003">
  <ItemGroup>
    <Filter Include="Repositories">
      <UniqueIdentifier>{02f97953-5684-4617-bedd-a78ce4c54a62}</UniqueIdentifier>
    </Filter>
    <Filter Include="Models">
      <UniqueIdentifier>{ea638721-6225-4e0b-a0dc-37ae6115f66b}</UniqueIdentifier>
    </Filter>
    <Filter Include="Data">
      <UniqueIdentifier>{4406214c-836e-43b0-bfd7-57dfcc539c6f}</UniqueIdentifier>
    </Filter>
  </ItemGroup>
  <ItemGroup>
    <ClInclude Include="Car.hpp">
      <Filter>Models</Filter>
    </ClInclude>
    <ClInclude Include="Owner.hpp">
      <Filter>Models</Filter>
    </ClInclude>
    <ClInclude Include="Ownership.hpp">
      <Filter>Models</Filter>
    </ClInclude>
  </ItemGroup>
</Project>